// !$*UTF8*$!
{
	archiveVersion = 1;
	classes = {
	};
	objectVersion = 46;
	objects = {

/* Begin PBXBuildFile section */
		28B4F83F1E2447860088C5E8 /* AppDelegate.swift in Sources */ = {isa = PBXBuildFile; fileRef = 28B4F83E1E2447860088C5E8 /* AppDelegate.swift */; };
		28B4F8411E2447860088C5E8 /* ViewController.swift in Sources */ = {isa = PBXBuildFile; fileRef = 28B4F8401E2447860088C5E8 /* ViewController.swift */; };
		28B4F8441E2447870088C5E8 /* Main.storyboard in Resources */ = {isa = PBXBuildFile; fileRef = 28B4F8421E2447870088C5E8 /* Main.storyboard */; };
		28B4F8471E2447870088C5E8 /* RainyDayDonation.xcdatamodeld in Sources */ = {isa = PBXBuildFile; fileRef = 28B4F8451E2447870088C5E8 /* RainyDayDonation.xcdatamodeld */; };
		28B4F8491E2447870088C5E8 /* Assets.xcassets in Resources */ = {isa = PBXBuildFile; fileRef = 28B4F8481E2447870088C5E8 /* Assets.xcassets */; };
		28B4F84C1E2447870088C5E8 /* LaunchScreen.storyboard in Resources */ = {isa = PBXBuildFile; fileRef = 28B4F84A1E2447870088C5E8 /* LaunchScreen.storyboard */; };
		7D42B3C31E245DCF003B7BB2 /* APIRequestManager.swift in Sources */ = {isa = PBXBuildFile; fileRef = 7D42B3C21E245DCF003B7BB2 /* APIRequestManager.swift */; };
		7D42B3C91E246252003B7BB2 /* Projects.swift in Sources */ = {isa = PBXBuildFile; fileRef = 7D42B3C81E246252003B7BB2 /* Projects.swift */; };
		F063E604068847E38BBB55B2 /* Pods_RainyDayDonation.framework in Frameworks */ = {isa = PBXBuildFile; fileRef = 8FC2D70FE24AAF73FAB78926 /* Pods_RainyDayDonation.framework */; };
/* End PBXBuildFile section */

/* Begin PBXFileReference section */
		28B4F83B1E2447860088C5E8 /* RainyDayDonation.app */ = {isa = PBXFileReference; explicitFileType = wrapper.application; includeInIndex = 0; path = RainyDayDonation.app; sourceTree = BUILT_PRODUCTS_DIR; };
		28B4F83E1E2447860088C5E8 /* AppDelegate.swift */ = {isa = PBXFileReference; lastKnownFileType = sourcecode.swift; path = AppDelegate.swift; sourceTree = "<group>"; };
		28B4F8401E2447860088C5E8 /* ViewController.swift */ = {isa = PBXFileReference; lastKnownFileType = sourcecode.swift; path = ViewController.swift; sourceTree = "<group>"; };
		28B4F8431E2447870088C5E8 /* Base */ = {isa = PBXFileReference; lastKnownFileType = file.storyboard; name = Base; path = Base.lproj/Main.storyboard; sourceTree = "<group>"; };
		28B4F8461E2447870088C5E8 /* RainyDayDonation.xcdatamodel */ = {isa = PBXFileReference; lastKnownFileType = wrapper.xcdatamodel; path = RainyDayDonation.xcdatamodel; sourceTree = "<group>"; };
		28B4F8481E2447870088C5E8 /* Assets.xcassets */ = {isa = PBXFileReference; lastKnownFileType = folder.assetcatalog; path = Assets.xcassets; sourceTree = "<group>"; };
		28B4F84B1E2447870088C5E8 /* Base */ = {isa = PBXFileReference; lastKnownFileType = file.storyboard; name = Base; path = Base.lproj/LaunchScreen.storyboard; sourceTree = "<group>"; };
		28B4F84D1E2447870088C5E8 /* Info.plist */ = {isa = PBXFileReference; lastKnownFileType = text.plist.xml; path = Info.plist; sourceTree = "<group>"; };
		31582250FA5BA9459A60DC04 /* Pods-RainyDayDonation.debug.xcconfig */ = {isa = PBXFileReference; includeInIndex = 1; lastKnownFileType = text.xcconfig; name = "Pods-RainyDayDonation.debug.xcconfig"; path = "Pods/Target Support Files/Pods-RainyDayDonation/Pods-RainyDayDonation.debug.xcconfig"; sourceTree = "<group>"; };
		7D42B3C21E245DCF003B7BB2 /* APIRequestManager.swift */ = {isa = PBXFileReference; fileEncoding = 4; lastKnownFileType = sourcecode.swift; name = APIRequestManager.swift; path = "../../../AC3.2-Unit5-MidUnitAssesment/AC3.2-Unit5-MidUnitAssesment/AC3.2-Unit5-MidUnitAssesment/APIRequestManager.swift"; sourceTree = "<group>"; };
		7D42B3C81E246252003B7BB2 /* Projects.swift */ = {isa = PBXFileReference; fileEncoding = 4; lastKnownFileType = sourcecode.swift; path = Projects.swift; sourceTree = "<group>"; };
		8FC2D70FE24AAF73FAB78926 /* Pods_RainyDayDonation.framework */ = {isa = PBXFileReference; explicitFileType = wrapper.framework; includeInIndex = 0; path = Pods_RainyDayDonation.framework; sourceTree = BUILT_PRODUCTS_DIR; };
		9F0867BDB1751A7CA88FD6A4 /* Pods-RainyDayDonation.release.xcconfig */ = {isa = PBXFileReference; includeInIndex = 1; lastKnownFileType = text.xcconfig; name = "Pods-RainyDayDonation.release.xcconfig"; path = "Pods/Target Support Files/Pods-RainyDayDonation/Pods-RainyDayDonation.release.xcconfig"; sourceTree = "<group>"; };
/* End PBXFileReference section */

/* Begin PBXFrameworksBuildPhase section */
		28B4F8381E2447860088C5E8 /* Frameworks */ = {
			isa = PBXFrameworksBuildPhase;
			buildActionMask = 2147483647;
			files = (
				F063E604068847E38BBB55B2 /* Pods_RainyDayDonation.framework in Frameworks */,
			);
			runOnlyForDeploymentPostprocessing = 0;
		};
/* End PBXFrameworksBuildPhase section */

/* Begin PBXGroup section */
		28B4F8321E2447860088C5E8 = {
			isa = PBXGroup;
			children = (
				28B4F83D1E2447860088C5E8 /* RainyDayDonation */,
				28B4F83C1E2447860088C5E8 /* Products */,
				F451E100067E751402033A3E /* Pods */,
				BADFB38CE4DBC1D89E78CEA6 /* Frameworks */,
			);
			sourceTree = "<group>";
		};
		28B4F83C1E2447860088C5E8 /* Products */ = {
			isa = PBXGroup;
			children = (
				28B4F83B1E2447860088C5E8 /* RainyDayDonation.app */,
			);
			name = Products;
			sourceTree = "<group>";
		};
		28B4F83D1E2447860088C5E8 /* RainyDayDonation */ = {
			isa = PBXGroup;
			children = (
				7D42B3C41E2460EC003B7BB2 /* Managers */,
				7D42B3C11E245D44003B7BB2 /* View Controllers */,
				7D42B3C51E246104003B7BB2 /* Storyboards */,
				7D42B3C61E24611B003B7BB2 /* Support Files */,
				7D42B3C71E246133003B7BB2 /* Core Data */,
			);
			path = RainyDayDonation;
			sourceTree = "<group>";
		};
		7D42B3C11E245D44003B7BB2 /* View Controllers */ = {
			isa = PBXGroup;
			children = (
				28B4F8401E2447860088C5E8 /* ViewController.swift */,
			);
			name = "View Controllers";
			sourceTree = "<group>";
		};
		7D42B3C41E2460EC003B7BB2 /* Managers */ = {
			isa = PBXGroup;
			children = (
				7D42B3C21E245DCF003B7BB2 /* APIRequestManager.swift */,
				7D42B3C81E246252003B7BB2 /* Projects.swift */,
			);
			name = Managers;
			sourceTree = "<group>";
		};
		7D42B3C51E246104003B7BB2 /* Storyboards */ = {
			isa = PBXGroup;
			children = (
				28B4F84A1E2447870088C5E8 /* LaunchScreen.storyboard */,
				28B4F8421E2447870088C5E8 /* Main.storyboard */,
			);
			name = Storyboards;
			sourceTree = "<group>";
		};
		7D42B3C61E24611B003B7BB2 /* Support Files */ = {
			isa = PBXGroup;
			children = (
				28B4F8481E2447870088C5E8 /* Assets.xcassets */,
				28B4F84D1E2447870088C5E8 /* Info.plist */,
				28B4F83E1E2447860088C5E8 /* AppDelegate.swift */,
			);
			name = "Support Files";
			sourceTree = "<group>";
		};
		7D42B3C71E246133003B7BB2 /* Core Data */ = {
			isa = PBXGroup;
			children = (
				28B4F8451E2447870088C5E8 /* RainyDayDonation.xcdatamodeld */,
			);
			name = "Core Data";
			sourceTree = "<group>";
		};
		BADFB38CE4DBC1D89E78CEA6 /* Frameworks */ = {
			isa = PBXGroup;
			children = (
				8FC2D70FE24AAF73FAB78926 /* Pods_RainyDayDonation.framework */,
			);
			name = Frameworks;
			sourceTree = "<group>";
		};
		F451E100067E751402033A3E /* Pods */ = {
			isa = PBXGroup;
			children = (
				31582250FA5BA9459A60DC04 /* Pods-RainyDayDonation.debug.xcconfig */,
				9F0867BDB1751A7CA88FD6A4 /* Pods-RainyDayDonation.release.xcconfig */,
			);
			name = Pods;
			sourceTree = "<group>";
		};
/* End PBXGroup section */

/* Begin PBXNativeTarget section */
		28B4F83A1E2447860088C5E8 /* RainyDayDonation */ = {
			isa = PBXNativeTarget;
			buildConfigurationList = 28B4F8501E2447870088C5E8 /* Build configuration list for PBXNativeTarget "RainyDayDonation" */;
			buildPhases = (
				9EBBA2D85D8E15D32352C14A /* [CP] Check Pods Manifest.lock */,
				28B4F8371E2447860088C5E8 /* Sources */,
				28B4F8381E2447860088C5E8 /* Frameworks */,
				28B4F8391E2447860088C5E8 /* Resources */,
				C8F070DE72710DD825F1D5D8 /* [CP] Embed Pods Frameworks */,
				8EB3704754673D5A3E337064 /* [CP] Copy Pods Resources */,
			);
			buildRules = (
			);
			dependencies = (
			);
			name = RainyDayDonation;
			productName = RainyDayDonation;
			productReference = 28B4F83B1E2447860088C5E8 /* RainyDayDonation.app */;
			productType = "com.apple.product-type.application";
		};
/* End PBXNativeTarget section */

/* Begin PBXProject section */
		28B4F8331E2447860088C5E8 /* Project object */ = {
			isa = PBXProject;
			attributes = {
				LastSwiftUpdateCheck = 0820;
				LastUpgradeCheck = 0820;
				ORGANIZATIONNAME = "Margaret Ikeda, Simone Grant, Edward Anchundia, Miti Shah";
				TargetAttributes = {
					28B4F83A1E2447860088C5E8 = {
						CreatedOnToolsVersion = 8.2.1;
						ProvisioningStyle = Automatic;
					};
				};
			};
			buildConfigurationList = 28B4F8361E2447860088C5E8 /* Build configuration list for PBXProject "RainyDayDonation" */;
			compatibilityVersion = "Xcode 3.2";
			developmentRegion = English;
			hasScannedForEncodings = 0;
			knownRegions = (
				en,
				Base,
			);
			mainGroup = 28B4F8321E2447860088C5E8;
			productRefGroup = 28B4F83C1E2447860088C5E8 /* Products */;
			projectDirPath = "";
			projectRoot = "";
			targets = (
				28B4F83A1E2447860088C5E8 /* RainyDayDonation */,
			);
		};
/* End PBXProject section */

/* Begin PBXResourcesBuildPhase section */
		28B4F8391E2447860088C5E8 /* Resources */ = {
			isa = PBXResourcesBuildPhase;
			buildActionMask = 2147483647;
			files = (
				28B4F84C1E2447870088C5E8 /* LaunchScreen.storyboard in Resources */,
				28B4F8491E2447870088C5E8 /* Assets.xcassets in Resources */,
				28B4F8441E2447870088C5E8 /* Main.storyboard in Resources */,
			);
			runOnlyForDeploymentPostprocessing = 0;
		};
/* End PBXResourcesBuildPhase section */

/* Begin PBXShellScriptBuildPhase section */
		8EB3704754673D5A3E337064 /* [CP] Copy Pods Resources */ = {
			isa = PBXShellScriptBuildPhase;
			buildActionMask = 2147483647;
			files = (
			);
			inputPaths = (
			);
			name = "[CP] Copy Pods Resources";
			outputPaths = (
			);
			runOnlyForDeploymentPostprocessing = 0;
			shellPath = /bin/sh;
			shellScript = "\"${SRCROOT}/Pods/Target Support Files/Pods-RainyDayDonation/Pods-RainyDayDonation-resources.sh\"\n";
			showEnvVarsInLog = 0;
		};
		9EBBA2D85D8E15D32352C14A /* [CP] Check Pods Manifest.lock */ = {
			isa = PBXShellScriptBuildPhase;
			buildActionMask = 2147483647;
			files = (
			);
			inputPaths = (
			);
			name = "[CP] Check Pods Manifest.lock";
			outputPaths = (
			);
			runOnlyForDeploymentPostprocessing = 0;
			shellPath = /bin/sh;
			shellScript = "diff \"${PODS_ROOT}/../Podfile.lock\" \"${PODS_ROOT}/Manifest.lock\" > /dev/null\nif [ $? != 0 ] ; then\n    # print error to STDERR\n    echo \"error: The sandbox is not in sync with the Podfile.lock. Run 'pod install' or update your CocoaPods installation.\" >&2\n    exit 1\nfi\n";
			showEnvVarsInLog = 0;
		};
		C8F070DE72710DD825F1D5D8 /* [CP] Embed Pods Frameworks */ = {
			isa = PBXShellScriptBuildPhase;
			buildActionMask = 2147483647;
			files = (
			);
			inputPaths = (
			);
			name = "[CP] Embed Pods Frameworks";
			outputPaths = (
			);
			runOnlyForDeploymentPostprocessing = 0;
			shellPath = /bin/sh;
			shellScript = "\"${SRCROOT}/Pods/Target Support Files/Pods-RainyDayDonation/Pods-RainyDayDonation-frameworks.sh\"\n";
			showEnvVarsInLog = 0;
		};
/* End PBXShellScriptBuildPhase section */

/* Begin PBXSourcesBuildPhase section */
		28B4F8371E2447860088C5E8 /* Sources */ = {
			isa = PBXSourcesBuildPhase;
			buildActionMask = 2147483647;
			files = (
				7D42B3C31E245DCF003B7BB2 /* APIRequestManager.swift in Sources */,
				28B4F8411E2447860088C5E8 /* ViewController.swift in Sources */,
				7D42B3C91E246252003B7BB2 /* Projects.swift in Sources */,
				28B4F83F1E2447860088C5E8 /* AppDelegate.swift in Sources */,
				28B4F8471E2447870088C5E8 /* RainyDayDonation.xcdatamodeld in Sources */,
			);
			runOnlyForDeploymentPostprocessing = 0;
		};
/* End PBXSourcesBuildPhase section */

/* Begin PBXVariantGroup section */
		28B4F8421E2447870088C5E8 /* Main.storyboard */ = {
			isa = PBXVariantGroup;
			children = (
				28B4F8431E2447870088C5E8 /* Base */,
			);
			name = Main.storyboard;
			sourceTree = "<group>";
		};
		28B4F84A1E2447870088C5E8 /* LaunchScreen.storyboard */ = {
			isa = PBXVariantGroup;
			children = (
				28B4F84B1E2447870088C5E8 /* Base */,
			);
			name = LaunchScreen.storyboard;
			sourceTree = "<group>";
		};
/* End PBXVariantGroup section */

/* Begin XCBuildConfiguration section */
		28B4F84E1E2447870088C5E8 /* Debug */ = {
			isa = XCBuildConfiguration;
			buildSettings = {
				ALWAYS_SEARCH_USER_PATHS = NO;
				CLANG_ANALYZER_NONNULL = YES;
				CLANG_CXX_LANGUAGE_STANDARD = "gnu++0x";
				CLANG_CXX_LIBRARY = "libc++";
				CLANG_ENABLE_MODULES = YES;
				CLANG_ENABLE_OBJC_ARC = YES;
				CLANG_WARN_BOOL_CONVERSION = YES;
				CLANG_WARN_CONSTANT_CONVERSION = YES;
				CLANG_WARN_DIRECT_OBJC_ISA_USAGE = YES_ERROR;
				CLANG_WARN_DOCUMENTATION_COMMENTS = YES;
				CLANG_WARN_EMPTY_BODY = YES;
				CLANG_WARN_ENUM_CONVERSION = YES;
				CLANG_WARN_INFINITE_RECURSION = YES;
				CLANG_WARN_INT_CONVERSION = YES;
				CLANG_WARN_OBJC_ROOT_CLASS = YES_ERROR;
				CLANG_WARN_SUSPICIOUS_MOVE = YES;
				CLANG_WARN_UNREACHABLE_CODE = YES;
				CLANG_WARN__DUPLICATE_METHOD_MATCH = YES;
				"CODE_SIGN_IDENTITY[sdk=iphoneos*]" = "iPhone Developer";
				COPY_PHASE_STRIP = NO;
				DEBUG_INFORMATION_FORMAT = dwarf;
				ENABLE_STRICT_OBJC_MSGSEND = YES;
				ENABLE_TESTABILITY = YES;
				GCC_C_LANGUAGE_STANDARD = gnu99;
				GCC_DYNAMIC_NO_PIC = NO;
				GCC_NO_COMMON_BLOCKS = YES;
				GCC_OPTIMIZATION_LEVEL = 0;
				GCC_PREPROCESSOR_DEFINITIONS = (
					"DEBUG=1",
					"$(inherited)",
				);
				GCC_WARN_64_TO_32_BIT_CONVERSION = YES;
				GCC_WARN_ABOUT_RETURN_TYPE = YES_ERROR;
				GCC_WARN_UNDECLARED_SELECTOR = YES;
				GCC_WARN_UNINITIALIZED_AUTOS = YES_AGGRESSIVE;
				GCC_WARN_UNUSED_FUNCTION = YES;
				GCC_WARN_UNUSED_VARIABLE = YES;
				IPHONEOS_DEPLOYMENT_TARGET = 10.2;
				MTL_ENABLE_DEBUG_INFO = YES;
				ONLY_ACTIVE_ARCH = YES;
				SDKROOT = iphoneos;
				SWIFT_ACTIVE_COMPILATION_CONDITIONS = DEBUG;
				SWIFT_OPTIMIZATION_LEVEL = "-Onone";
				TARGETED_DEVICE_FAMILY = "1,2";
			};
			name = Debug;
		};
		28B4F84F1E2447870088C5E8 /* Release */ = {
			isa = XCBuildConfiguration;
			buildSettings = {
				ALWAYS_SEARCH_USER_PATHS = NO;
				CLANG_ANALYZER_NONNULL = YES;
				CLANG_CXX_LANGUAGE_STANDARD = "gnu++0x";
				CLANG_CXX_LIBRARY = "libc++";
				CLANG_ENABLE_MODULES = YES;
				CLANG_ENABLE_OBJC_ARC = YES;
				CLANG_WARN_BOOL_CONVERSION = YES;
				CLANG_WARN_CONSTANT_CONVERSION = YES;
				CLANG_WARN_DIRECT_OBJC_ISA_USAGE = YES_ERROR;
				CLANG_WARN_DOCUMENTATION_COMMENTS = YES;
				CLANG_WARN_EMPTY_BODY = YES;
				CLANG_WARN_ENUM_CONVERSION = YES;
				CLANG_WARN_INFINITE_RECURSION = YES;
				CLANG_WARN_INT_CONVERSION = YES;
				CLANG_WARN_OBJC_ROOT_CLASS = YES_ERROR;
				CLANG_WARN_SUSPICIOUS_MOVE = YES;
				CLANG_WARN_UNREACHABLE_CODE = YES;
				CLANG_WARN__DUPLICATE_METHOD_MATCH = YES;
				"CODE_SIGN_IDENTITY[sdk=iphoneos*]" = "iPhone Developer";
				COPY_PHASE_STRIP = NO;
				DEBUG_INFORMATION_FORMAT = "dwarf-with-dsym";
				ENABLE_NS_ASSERTIONS = NO;
				ENABLE_STRICT_OBJC_MSGSEND = YES;
				GCC_C_LANGUAGE_STANDARD = gnu99;
				GCC_NO_COMMON_BLOCKS = YES;
				GCC_WARN_64_TO_32_BIT_CONVERSION = YES;
				GCC_WARN_ABOUT_RETURN_TYPE = YES_ERROR;
				GCC_WARN_UNDECLARED_SELECTOR = YES;
				GCC_WARN_UNINITIALIZED_AUTOS = YES_AGGRESSIVE;
				GCC_WARN_UNUSED_FUNCTION = YES;
				GCC_WARN_UNUSED_VARIABLE = YES;
				IPHONEOS_DEPLOYMENT_TARGET = 10.2;
				MTL_ENABLE_DEBUG_INFO = NO;
				SDKROOT = iphoneos;
				SWIFT_OPTIMIZATION_LEVEL = "-Owholemodule";
				TARGETED_DEVICE_FAMILY = "1,2";
				VALIDATE_PRODUCT = YES;
			};
			name = Release;
		};
		28B4F8511E2447870088C5E8 /* Debug */ = {
			isa = XCBuildConfiguration;
			baseConfigurationReference = 31582250FA5BA9459A60DC04 /* Pods-RainyDayDonation.debug.xcconfig */;
			buildSettings = {
				ASSETCATALOG_COMPILER_APPICON_NAME = AppIcon;
				INFOPLIST_FILE = RainyDayDonation/Info.plist;
				IPHONEOS_DEPLOYMENT_TARGET = 10.0;
				LD_RUNPATH_SEARCH_PATHS = "$(inherited) @executable_path/Frameworks";
				PRODUCT_BUNDLE_IDENTIFIER = C4Q.RainyDayDonation;
				PRODUCT_NAME = "$(TARGET_NAME)";
				SWIFT_VERSION = 3.0;
			};
			name = Debug;
		};
		28B4F8521E2447870088C5E8 /* Release */ = {
			isa = XCBuildConfiguration;
			baseConfigurationReference = 9F0867BDB1751A7CA88FD6A4 /* Pods-RainyDayDonation.release.xcconfig */;
			buildSettings = {
				ASSETCATALOG_COMPILER_APPICON_NAME = AppIcon;
				INFOPLIST_FILE = RainyDayDonation/Info.plist;
				IPHONEOS_DEPLOYMENT_TARGET = 10.0;
				LD_RUNPATH_SEARCH_PATHS = "$(inherited) @executable_path/Frameworks";
				PRODUCT_BUNDLE_IDENTIFIER = C4Q.RainyDayDonation;
				PRODUCT_NAME = "$(TARGET_NAME)";
				SWIFT_VERSION = 3.0;
			};
			name = Release;
		};
/* End XCBuildConfiguration section */

/* Begin XCConfigurationList section */
		28B4F8361E2447860088C5E8 /* Build configuration list for PBXProject "RainyDayDonation" */ = {
			isa = XCConfigurationList;
			buildConfigurations = (
				28B4F84E1E2447870088C5E8 /* Debug */,
				28B4F84F1E2447870088C5E8 /* Release */,
			);
			defaultConfigurationIsVisible = 0;
			defaultConfigurationName = Release;
		};
		28B4F8501E2447870088C5E8 /* Build configuration list for PBXNativeTarget "RainyDayDonation" */ = {
			isa = XCConfigurationList;
			buildConfigurations = (
				28B4F8511E2447870088C5E8 /* Debug */,
				28B4F8521E2447870088C5E8 /* Release */,
			);
			defaultConfigurationIsVisible = 0;
			defaultConfigurationName = Release;
		};
/* End XCConfigurationList section */

/* Begin XCVersionGroup section */
		28B4F8451E2447870088C5E8 /* RainyDayDonation.xcdatamodeld */ = {
			isa = XCVersionGroup;
			children = (
				28B4F8461E2447870088C5E8 /* RainyDayDonation.xcdatamodel */,
			);
			currentVersion = 28B4F8461E2447870088C5E8 /* RainyDayDonation.xcdatamodel */;
			path = RainyDayDonation.xcdatamodeld;
			sourceTree = "<group>";
			versionGroupType = wrapper.xcdatamodel;
		};
/* End XCVersionGroup section */
	};
	rootObject = 28B4F8331E2447860088C5E8 /* Project object */;
}
